{
    "_readme": [
        "This file locks the dependencies of your project to a known state",
        "Read more about it at https://getcomposer.org/doc/01-basic-usage.md#installing-dependencies",
        "This file is @generated automatically"
    ],
    "content-hash": "0de077cbdeb39d65c609ee543b2b31b8",
    "packages": [
        {
            "name": "aura/router",
            "version": "2.3.1",
            "source": {
                "type": "git",
                "url": "https://github.com/auraphp/Aura.Router.git",
                "reference": "d8cb21b7fa8d2b2ae874093d5440688b3356f9c4"
            },
            "dist": {
                "type": "zip",
                "url": "https://api.github.com/repos/auraphp/Aura.Router/zipball/d8cb21b7fa8d2b2ae874093d5440688b3356f9c4",
                "reference": "d8cb21b7fa8d2b2ae874093d5440688b3356f9c4",
                "shasum": ""
            },
            "require": {
                "php": ">=5.3.0"
            },
            "require-dev": {
                "aura/di": "~2.0"
            },
            "type": "library",
            "extra": {
                "aura": {
                    "type": "library",
                    "config": {
                        "common": "Aura\\Router\\_Config\\Common"
                    }
                }
            },
            "autoload": {
                "psr-4": {
                    "Aura\\Router\\": "src/",
                    "Aura\\Router\\_Config\\": "config/"
                }
            },
            "notification-url": "https://packagist.org/downloads/",
            "license": [
                "BSD-2-Clause"
            ],
            "authors": [
                {
                    "name": "Aura.Router Contributors",
                    "homepage": "https://github.com/auraphp/Aura.Router/contributors"
                }
            ],
            "description": "A web router implementation; given a URI path and a copy of $_SERVER, it will extract path-info parameter values for a specific route.",
            "homepage": "https://github.com/auraphp/Aura.Router",
            "keywords": [
                "route",
                "router",
                "routing"
            ],
            "time": "2016-10-03T20:00:15+00:00"
        },
        {
            "name": "container-interop/container-interop",
            "version": "1.2.0",
            "source": {
                "type": "git",
                "url": "https://github.com/container-interop/container-interop.git",
                "reference": "79cbf1341c22ec75643d841642dd5d6acd83bdb8"
            },
            "dist": {
                "type": "zip",
                "url": "https://api.github.com/repos/container-interop/container-interop/zipball/79cbf1341c22ec75643d841642dd5d6acd83bdb8",
                "reference": "79cbf1341c22ec75643d841642dd5d6acd83bdb8",
                "shasum": ""
            },
            "require": {
                "psr/container": "^1.0"
            },
            "type": "library",
            "autoload": {
                "psr-4": {
                    "Interop\\Container\\": "src/Interop/Container/"
                }
            },
            "notification-url": "https://packagist.org/downloads/",
            "license": [
                "MIT"
            ],
            "description": "Promoting the interoperability of container objects (DIC, SL, etc.)",
            "homepage": "https://github.com/container-interop/container-interop",
            "abandoned": "psr/container",
            "time": "2017-02-14T19:40:03+00:00"
        },
        {
            "name": "laminas/laminas-i18n",
            "version": "2.7.3",
            "source": {
                "type": "git",
                "url": "https://github.com/laminas/laminas-i18n.git",
                "reference": "0ef11f851c5a3741ab3566968625a8cfb1ca43cc"
            },
            "dist": {
                "type": "zip",
                "url": "https://api.github.com/repos/laminas/laminas-i18n/zipball/0ef11f851c5a3741ab3566968625a8cfb1ca43cc",
                "reference": "0ef11f851c5a3741ab3566968625a8cfb1ca43cc",
                "shasum": ""
            },
            "require": {
                "laminas/laminas-stdlib": "^2.7 || ^3.0",
                "laminas/laminas-zendframework-bridge": "^1.0",
                "php": "^5.5 || ^7.0"
            },
            "replace": {
                "zendframework/zend-i18n": "self.version"
            },
            "require-dev": {
                "fabpot/php-cs-fixer": "1.7.*",
                "laminas/laminas-cache": "^2.6.1",
                "laminas/laminas-config": "^2.6",
                "laminas/laminas-eventmanager": "^2.6.2 || ^3.0",
                "laminas/laminas-filter": "^2.6.1",
                "laminas/laminas-servicemanager": "^2.7.5 || ^3.0.3",
                "laminas/laminas-validator": "^2.6",
                "laminas/laminas-view": "^2.6.3",
                "phpunit/phpunit": "~4.0"
            },
            "suggest": {
                "ext-intl": "Required for most features of Laminas\\I18n; included in default builds of PHP",
                "laminas/laminas-cache": "Laminas\\Cache component",
                "laminas/laminas-config": "Laminas\\Config component",
                "laminas/laminas-eventmanager": "You should install this package to use the events in the translator",
                "laminas/laminas-filter": "You should install this package to use the provided filters",
                "laminas/laminas-i18n-resources": "Translation resources",
                "laminas/laminas-servicemanager": "Laminas\\ServiceManager component",
                "laminas/laminas-validator": "You should install this package to use the provided validators",
                "laminas/laminas-view": "You should install this package to use the provided view helpers"
            },
            "type": "library",
            "extra": {
                "branch-alias": {
                    "dev-master": "2.7-dev",
                    "dev-develop": "2.8-dev"
                },
                "laminas": {
                    "component": "Laminas\\I18n",
                    "config-provider": "Laminas\\I18n\\ConfigProvider"
                }
            },
            "autoload": {
                "psr-4": {
                    "Laminas\\I18n\\": "src/"
                }
            },
            "notification-url": "https://packagist.org/downloads/",
            "license": [
                "BSD-3-Clause"
            ],
            "homepage": "https://laminas.dev",
            "keywords": [
                "i18n",
                "laminas"
            ],
            "time": "2019-12-31T17:09:41+00:00"
        },
        {
            "name": "laminas/laminas-servicemanager",
            "version": "2.7.7",
            "source": {
                "type": "git",
                "url": "https://github.com/laminas/laminas-servicemanager.git",
                "reference": "4c448a7522bf1a70f7995d7984d676260a7143f5"
            },
            "dist": {
                "type": "zip",
                "url": "https://api.github.com/repos/laminas/laminas-servicemanager/zipball/4c448a7522bf1a70f7995d7984d676260a7143f5",
                "reference": "4c448a7522bf1a70f7995d7984d676260a7143f5",
                "shasum": ""
            },
            "require": {
                "container-interop/container-interop": "~1.0",
                "laminas/laminas-zendframework-bridge": "^1.0",
                "php": "^5.5 || ^7.0"
            },
            "replace": {
                "zendframework/zend-servicemanager": "self.version"
            },
            "require-dev": {
                "athletic/athletic": "dev-master",
                "fabpot/php-cs-fixer": "1.7.*",
                "laminas/laminas-di": "~2.5",
                "laminas/laminas-mvc": "~2.5",
                "phpunit/phpunit": "~4.0"
            },
            "suggest": {
                "laminas/laminas-di": "Laminas\\Di component",
                "ocramius/proxy-manager": "ProxyManager 0.5.* to handle lazy initialization of services"
            },
            "type": "library",
            "extra": {
                "branch-alias": {
                    "dev-master": "2.7-dev",
                    "dev-develop": "3.0-dev"
                }
            },
            "autoload": {
                "psr-4": {
                    "Laminas\\ServiceManager\\": "src/"
                }
            },
            "notification-url": "https://packagist.org/downloads/",
            "license": [
                "BSD-3-Clause"
            ],
            "homepage": "https://laminas.dev",
            "keywords": [
                "laminas",
                "servicemanager"
            ],
            "time": "2019-12-31T17:44:24+00:00"
        },
        {
            "name": "laminas/laminas-stdlib",
            "version": "3.2.1",
            "source": {
                "type": "git",
                "url": "https://github.com/laminas/laminas-stdlib.git",
                "reference": "2b18347625a2f06a1a485acfbc870f699dbe51c6"
            },
            "dist": {
                "type": "zip",
                "url": "https://api.github.com/repos/laminas/laminas-stdlib/zipball/2b18347625a2f06a1a485acfbc870f699dbe51c6",
                "reference": "2b18347625a2f06a1a485acfbc870f699dbe51c6",
                "shasum": ""
            },
            "require": {
                "laminas/laminas-zendframework-bridge": "^1.0",
                "php": "^5.6 || ^7.0"
            },
            "replace": {
                "zendframework/zend-stdlib": "self.version"
            },
            "require-dev": {
                "laminas/laminas-coding-standard": "~1.0.0",
                "phpbench/phpbench": "^0.13",
                "phpunit/phpunit": "^5.7.27 || ^6.5.8 || ^7.1.2"
            },
            "type": "library",
            "extra": {
                "branch-alias": {
                    "dev-master": "3.2.x-dev",
                    "dev-develop": "3.3.x-dev"
                }
            },
            "autoload": {
                "psr-4": {
                    "Laminas\\Stdlib\\": "src/"
                }
            },
            "notification-url": "https://packagist.org/downloads/",
            "license": [
                "BSD-3-Clause"
            ],
            "description": "SPL extensions, array utilities, error handlers, and more",
            "homepage": "https://laminas.dev",
            "keywords": [
                "laminas",
                "stdlib"
            ],
            "time": "2019-12-31T17:51:15+00:00"
        },
        {
            "name": "laminas/laminas-zendframework-bridge",
            "version": "1.0.4",
            "source": {
                "type": "git",
                "url": "https://github.com/laminas/laminas-zendframework-bridge.git",
                "reference": "fcd87520e4943d968557803919523772475e8ea3"
            },
            "dist": {
                "type": "zip",
                "url": "https://api.github.com/repos/laminas/laminas-zendframework-bridge/zipball/fcd87520e4943d968557803919523772475e8ea3",
                "reference": "fcd87520e4943d968557803919523772475e8ea3",
                "shasum": ""
            },
            "require": {
                "php": "^5.6 || ^7.0"
            },
            "require-dev": {
                "phpunit/phpunit": "^5.7 || ^6.5 || ^7.5 || ^8.1",
                "squizlabs/php_codesniffer": "^3.5"
            },
            "type": "library",
            "extra": {
                "branch-alias": {
                    "dev-master": "1.0.x-dev",
                    "dev-develop": "1.1.x-dev"
                },
                "laminas": {
                    "module": "Laminas\\ZendFrameworkBridge"
                }
            },
            "autoload": {
                "files": [
                    "src/autoload.php"
                ],
                "psr-4": {
                    "Laminas\\ZendFrameworkBridge\\": "src//"
                }
            },
            "notification-url": "https://packagist.org/downloads/",
            "license": [
                "BSD-3-Clause"
            ],
            "description": "Alias legacy ZF class names to Laminas Project equivalents.",
            "keywords": [
                "ZendFramework",
                "autoloading",
                "laminas",
                "zf"
            ],
            "funding": [
                {
                    "url": "https://funding.communitybridge.org/projects/laminas-project",
                    "type": "community_bridge"
                }
            ],
            "time": "2020-05-20T16:45:56+00:00"
        },
        {
            "name": "mangirdas/advanced-fs",
            "version": "v1.0.2",
            "source": {
                "type": "git",
                "url": "https://github.com/maskas/advanced-fs.git",
                "reference": "2ef3fbcf0c720083917911ec1a54355127883038"
            },
            "dist": {
                "type": "zip",
                "url": "https://api.github.com/repos/maskas/advanced-fs/zipball/2ef3fbcf0c720083917911ec1a54355127883038",
                "reference": "2ef3fbcf0c720083917911ec1a54355127883038",
                "shasum": ""
            },
            "require-dev": {
                "phpunit/phpunit": "5.5.*"
            },
            "type": "library",
            "autoload": {
                "psr-4": {
                    "AdvancedFs\\": "src/AdvancedFs/"
                },
                "classmap": [
                    "src/AdvancedFs.php"
                ]
            },
            "notification-url": "https://packagist.org/downloads/",
            "license": [
                "MIT",
                "GPL-3.0+"
            ],
            "description": "Advanced file-system operations. For those who want a native php implementation of `rm -rf`, etc.",
            "time": "2016-12-31T09:53:33+00:00"
        },
        {
            "name": "phpmailer/phpmailer",
            "version": "v6.1.6",
            "source": {
                "type": "git",
                "url": "https://github.com/PHPMailer/PHPMailer.git",
                "reference": "c2796cb1cb99d7717290b48c4e6f32cb6c60b7b3"
            },
            "dist": {
                "type": "zip",
                "url": "https://api.github.com/repos/PHPMailer/PHPMailer/zipball/c2796cb1cb99d7717290b48c4e6f32cb6c60b7b3",
                "reference": "c2796cb1cb99d7717290b48c4e6f32cb6c60b7b3",
                "shasum": ""
            },
            "require": {
                "ext-ctype": "*",
                "ext-filter": "*",
                "php": ">=5.5.0"
            },
            "require-dev": {
                "doctrine/annotations": "^1.2",
                "friendsofphp/php-cs-fixer": "^2.2",
                "phpunit/phpunit": "^4.8 || ^5.7"
            },
            "suggest": {
                "ext-mbstring": "Needed to send email in multibyte encoding charset",
                "hayageek/oauth2-yahoo": "Needed for Yahoo XOAUTH2 authentication",
                "league/oauth2-google": "Needed for Google XOAUTH2 authentication",
                "psr/log": "For optional PSR-3 debug logging",
                "stevenmaguire/oauth2-microsoft": "Needed for Microsoft XOAUTH2 authentication",
                "symfony/polyfill-mbstring": "To support UTF-8 if the Mbstring PHP extension is not enabled (^1.2)"
            },
            "type": "library",
            "autoload": {
                "psr-4": {
                    "PHPMailer\\PHPMailer\\": "src/"
                }
            },
            "notification-url": "https://packagist.org/downloads/",
            "license": [
                "LGPL-2.1-only"
            ],
            "authors": [
                {
                    "name": "Marcus Bointon",
                    "email": "phpmailer@synchromedia.co.uk"
                },
                {
                    "name": "Jim Jagielski",
                    "email": "jimjag@gmail.com"
                },
                {
                    "name": "Andy Prevost",
                    "email": "codeworxtech@users.sourceforge.net"
                },
                {
                    "name": "Brent R. Matzelle"
                }
            ],
            "description": "PHPMailer is a full-featured email creation and transfer class for PHP",
            "funding": [
                {
                    "url": "https://github.com/synchro",
                    "type": "github"
                }
            ],
            "time": "2020-05-27T12:24:03+00:00"
        },
        {
            "name": "psr/container",
            "version": "1.0.0",
            "source": {
                "type": "git",
                "url": "https://github.com/php-fig/container.git",
                "reference": "b7ce3b176482dbbc1245ebf52b181af44c2cf55f"
            },
            "dist": {
                "type": "zip",
                "url": "https://api.github.com/repos/php-fig/container/zipball/b7ce3b176482dbbc1245ebf52b181af44c2cf55f",
                "reference": "b7ce3b176482dbbc1245ebf52b181af44c2cf55f",
                "shasum": ""
            },
            "require": {
                "php": ">=5.3.0"
            },
            "type": "library",
            "extra": {
                "branch-alias": {
                    "dev-master": "1.0.x-dev"
                }
            },
            "autoload": {
                "psr-4": {
                    "Psr\\Container\\": "src/"
                }
            },
            "notification-url": "https://packagist.org/downloads/",
            "license": [
                "MIT"
            ],
            "authors": [
                {
                    "name": "PHP-FIG",
                    "homepage": "http://www.php-fig.org/"
                }
            ],
            "description": "Common Container Interface (PHP FIG PSR-11)",
            "homepage": "https://github.com/php-fig/container",
            "keywords": [
                "PSR-11",
                "container",
                "container-interface",
                "container-interop",
                "psr"
            ],
            "time": "2017-02-14T16:28:37+00:00"
        },
        {
            "name": "psr/log",
            "version": "1.0.2",
            "source": {
                "type": "git",
                "url": "https://github.com/php-fig/log.git",
                "reference": "4ebe3a8bf773a19edfe0a84b6585ba3d401b724d"
            },
            "dist": {
                "type": "zip",
                "url": "https://api.github.com/repos/php-fig/log/zipball/4ebe3a8bf773a19edfe0a84b6585ba3d401b724d",
                "reference": "4ebe3a8bf773a19edfe0a84b6585ba3d401b724d",
                "shasum": ""
            },
            "require": {
                "php": ">=5.3.0"
            },
            "type": "library",
            "extra": {
                "branch-alias": {
                    "dev-master": "1.0.x-dev"
                }
            },
            "autoload": {
                "psr-4": {
                    "Psr\\Log\\": "Psr/Log/"
                }
            },
            "notification-url": "https://packagist.org/downloads/",
            "license": [
                "MIT"
            ],
            "authors": [
                {
                    "name": "PHP-FIG",
                    "homepage": "http://www.php-fig.org/"
                }
            ],
            "description": "Common interface for logging libraries",
            "homepage": "https://github.com/php-fig/log",
            "keywords": [
                "log",
                "psr",
                "psr-3"
            ],
            "time": "2016-10-10T12:19:37+00:00"
        }
    ],
    "packages-dev": [],
    "aliases": [],
    "minimum-stability": "stable",
    "stability-flags": [],
    "prefer-stable": false,
    "prefer-lowest": false,
    "platform": {
        "php": ">=5.5.0"
    },
    "platform-dev": [],
    "plugin-api-version": "1.1.0"
}
